
Microsoft Visual Studio Solution File, Format Version 12.00
# Visual Studio Version 18
VisualStudioVersion = 18.6.11822.322 stable
MinimumVisualStudioVersion = 10.0.40219.1
Project("{FAE04EC0-301F-11D3-BF4B-00C04F79EFBC}") = "LocalChat", "LocalChat.csproj", "{1B6F70F2-926A-84C2-CB05-0578E94EFB94}"
EndProject
Global
	GlobalSection(SolutionConfigurationPlatforms) = preSolution
		Debug|Any CPU = Debug|Any CPU
		Debug|x64 = Debug|x64
		Release|Any CPU = Release|Any CPU
		Release|x64 = Release|x64
	EndGlobalSection
	GlobalSection(ProjectConfigurationPlatforms) = postSolution
		{1B6F70F2-926A-84C2-CB05-0578E94EFB94}.Debug|Any CPU.ActiveCfg = Debug|Any CPU
		{1B6F70F2-926A-84C2-CB05-0578E94EFB94}.Debug|Any CPU.Build.0 = Debug|Any CPU
		{1B6F70F2-926A-84C2-CB05-0578E94EFB94}.Debug|Any CPU.Deploy.0 = Debug|Any CPU
		{1B6F70F2-926A-84C2-CB05-0578E94EFB94}.Debug|x64.ActiveCfg = Debug|Any CPU
		{1B6F70F2-926A-84C2-CB05-0578E94EFB94}.Debug|x64.Build.0 = Debug|Any CPU
		{1B6F70F2-926A-84C2-CB05-0578E94EFB94}.Release|Any CPU.ActiveCfg = Release|Any CPU
		{1B6F70F2-926A-84C2-CB05-0578E94EFB94}.Release|Any CPU.Build.0 = Release|Any CPU
		{1B6F70F2-926A-84C2-CB05-0578E94EFB94}.Release|x64.ActiveCfg = Release|x64
		{1B6F70F2-926A-84C2-CB05-0578E94EFB94}.Release|x64.Build.0 = Release|x64
	EndGlobalSection
	GlobalSection(SolutionProperties) = preSolution
		HideSolutionNode = FALSE
	EndGlobalSection
	GlobalSection(ExtensibilityGlobals) = postSolution
		SolutionGuid = {011A1E70-B972-487C-9BB9-1D7452D46D51}
	EndGlobalSection
EndGlobal
